
Microsoft Visual Studio Solution File, Format Version 12.00
# Visual Studio Version 17
VisualStudioVersion = 17.9.34728.123
MinimumVisualStudioVersion = 10.0.40219.1
Project("{FAE04EC0-301F-11D3-BF4B-00C04F79EFBC}") = "PartyInvites", "PartyInvites\PartyInvites.csproj", "{AADD1E25-7B24-4ED2-95AF-9BFE568A48CF}"
EndProject
Global
	GlobalSection(SolutionConfigurationPlatforms) = preSolution
		Debug|Any CPU = Debug|Any CPU
		Release|Any CPU = Release|Any CPU
	EndGlobalSection
	GlobalSection(ProjectConfigurationPlatforms) = postSolution
		{AADD1E25-7B24-4ED2-95AF-9BFE568A48CF}.Debug|Any CPU.ActiveCfg = Debug|Any CPU
		{AADD1E25-7B24-4ED2-95AF-9BFE568A48CF}.Debug|Any CPU.Build.0 = Debug|Any CPU
		{AADD1E25-7B24-4ED2-95AF-9BFE568A48CF}.Release|Any CPU.ActiveCfg = Release|Any CPU
		{AADD1E25-7B24-4ED2-95AF-9BFE568A48CF}.Release|Any CPU.Build.0 = Release|Any CPU
	EndGlobalSection
	GlobalSection(SolutionProperties) = preSolution
		HideSolutionNode = FALSE
	EndGlobalSection
	GlobalSection(ExtensibilityGlobals) = postSolution
		SolutionGuid = {E5F8D4E9-6C00-41B3-98EE-F3CFFE55CA0F}
	EndGlobalSection
EndGlobal
